
Microsoft Visual Studio Solution File, Format Version 12.00
# Visual Studio Version 16
VisualStudioVersion = 16.0.30114.105
MinimumVisualStudioVersion = 10.0.40219.1
Project("{FAE04EC0-301F-11D3-BF4B-00C04F79EFBC}") = "Leave-Management", "Leave-Management\Leave-Management.csproj", "{ABF643A4-2554-4888-8F87-EBB294E7A37B}"
EndProject
Global
	GlobalSection(SolutionConfigurationPlatforms) = preSolution
		Debug|Any CPU = Debug|Any CPU
		Release|Any CPU = Release|Any CPU
	EndGlobalSection
	GlobalSection(ProjectConfigurationPlatforms) = postSolution
		{ABF643A4-2554-4888-8F87-EBB294E7A37B}.Debug|Any CPU.ActiveCfg = Debug|Any CPU
		{ABF643A4-2554-4888-8F87-EBB294E7A37B}.Debug|Any CPU.Build.0 = Debug|Any CPU
		{ABF643A4-2554-4888-8F87-EBB294E7A37B}.Release|Any CPU.ActiveCfg = Release|Any CPU
		{ABF643A4-2554-4888-8F87-EBB294E7A37B}.Release|Any CPU.Build.0 = Release|Any CPU
	EndGlobalSection
	GlobalSection(SolutionProperties) = preSolution
		HideSolutionNode = FALSE
	EndGlobalSection
	GlobalSection(ExtensibilityGlobals) = postSolution
		SolutionGuid = {24E7776B-C8FF-4FA2-AD7B-B34D085A202F}
	EndGlobalSection
EndGlobal
